# This file is machine-generated by `gh actions-lock`.
# Do not edit by hand; run `gh actions-lock` to update.
# Docs: https://gh.io/actions-lockfile
version: 'v0.0.2'
workflows:
    '.github/workflows/bot.yml':
        - 'actions/checkout@v7.0.1'
        - 'dependabot/fetch-metadata@v3.1.0'
        - 'step-security/harden-runner@v2.20.1'
    '.github/workflows/build.yml':
        - 'actions/checkout@v7.0.1'
        - 'actions/upload-artifact@v7.0.1'
        - 'anselmes/clact@v0.1.3'
        - 'step-security/harden-runner@v2.20.1'
    '.github/workflows/chart.yml':
        - 'actions/checkout@v7.0.1'
        - 'anselmes/clact@v0.1.3'
        - 'step-security/harden-runner@v2.20.1'
    '.github/workflows/ci.yml':
        - 'actions/checkout@v7.0.1'
        - 'step-security/harden-runner@v2.20.1'
        - 'super-linter/super-linter@v8.7.0'
    '.github/workflows/cleanup.yml':
        - 'actions/checkout@v7.0.1'
        - 'actions/stale@v11.0.0'
        - 'step-security/harden-runner@v2.20.1'
    '.github/workflows/container.yml':
        - 'actions/checkout@v7.0.1'
        - 'anselmes/clact@v0.1.3'
        - 'step-security/harden-runner@v2.20.1'
    '.github/workflows/package.yml':
        - 'actions/checkout@v7.0.1'
        - 'actions/upload-artifact@v7.0.1'
        - 'anselmes/clact@v0.1.3'
        - 'step-security/harden-runner@v2.20.1'
    '.github/workflows/plugin.yml':
        - 'actions/checkout@v7.0.1'
        - 'actions/upload-artifact@v7.0.1'
        - 'anselmes/clact@v0.1.3'
        - 'step-security/harden-runner@v2.20.1'
    '.github/workflows/review.yml':
        - 'actions/checkout@v7.0.1'
        - 'actions/dependency-review-action@v5.0.0'
        - 'actions/labeler@v7.0.0'
        - 'amannn/action-semantic-pull-request@v6.1.1'
        - 'kentaro-m/auto-assign-action@v2.0.2'
        - 'step-security/harden-runner@v2.20.1'
    '.github/workflows/scorecard.yml':
        - 'actions/checkout@v7.0.1'
        - 'actions/upload-artifact@v7.0.1'
        - 'github/codeql-action@v4.37.6'
        - 'ossf/scorecard-action@v2.4.4'
        - 'step-security/harden-runner@v2.20.1'
    '.github/workflows/trivy.yml':
        - 'actions/checkout@v7.0.1'
        - 'aquasecurity/trivy-action@v0.36.0'
        - 'github/codeql-action@v4.37.6'
        - 'step-security/harden-runner@v2.20.1'
dependencies:
    'actions-rust-lang/setup-rust-toolchain@fb51252c7ba57d633bc668f941da052e410add48':
        ref: 'v1.13.0'
        commit: 'sha1-fb51252c7ba57d633bc668f941da052e410add48'
        owner_id: 103899579
        repo_id: 482610590
        uses:
            - 'swatinem/rust-cache@v2'
    'actions/attest-build-provenance@1176ef556905f349f669722abf30bce1a6e16e01':
        ref: 'predicate@1.1.5'
        commit: 'sha1-1176ef556905f349f669722abf30bce1a6e16e01'
        owner_id: 44036562
        repo_id: 760702757
    'actions/attest-build-provenance@e8998f949152b193b063cb0ec769d69d929409be':
        ref: 'v2.4.0'
        commit: 'sha1-e8998f949152b193b063cb0ec769d69d929409be'
        owner_id: 44036562
        repo_id: 760702757
        uses:
            - 'actions/attest-build-provenance@1176ef556905f349f669722abf30bce1a6e16e01'
            - 'actions/attest@ce27ba3b4a9a139d9a20a4a07d69fabb52f1e5bc'
    'actions/attest@ce27ba3b4a9a139d9a20a4a07d69fabb52f1e5bc':
        ref: 'v2.4.0'
        commit: 'sha1-ce27ba3b4a9a139d9a20a4a07d69fabb52f1e5bc'
        owner_id: 44036562
        repo_id: 760701061
    'actions/cache@27d5ce7f107fe9357f9df03efb73ab90386fccae':
        ref: 'v5.0.5'
        commit: 'sha1-27d5ce7f107fe9357f9df03efb73ab90386fccae'
        owner_id: 44036562
        repo_id: 215566462
    'actions/cache@9255dc7a253b0ccc959486e2bca901246202afeb':
        ref: 'v5.0.1'
        commit: 'sha1-9255dc7a253b0ccc959486e2bca901246202afeb'
        owner_id: 44036562
        repo_id: 215566462
    'actions/checkout@8e8c483db84b4bee98b60c0593521ed34d9990e8':
        ref: 'v6.0.1'
        commit: 'sha1-8e8c483db84b4bee98b60c0593521ed34d9990e8'
        owner_id: 44036562
        repo_id: 197814629
    'actions/checkout@v7.0.1':
        ref: 'v7.0.1'
        commit: 'sha1-3d3c42e5aac5ba805825da76410c181273ba90b1'
        owner_id: 44036562
        repo_id: 197814629
    'actions/dependency-review-action@v5.0.0':
        ref: 'v5.0.0'
        commit: 'sha1-a1d282b36b6f3519aa1f3fc636f609c47dddb294'
        owner_id: 44036562
        repo_id: 476372928
    'actions/labeler@v7.0.0':
        ref: 'v7.0.0'
        commit: 'sha1-bf12e9b00b37c5c0ca2b87b79b2daf7891dbda13'
        owner_id: 44036562
        repo_id: 177139928
    'actions/setup-go@d35c59abb061a4a6fb18e82ac0862c26744d6ab5':
        ref: 'v5.5.0'
        commit: 'sha1-d35c59abb061a4a6fb18e82ac0862c26744d6ab5'
        owner_id: 44036562
        repo_id: 192624594
    'actions/stale@v11.0.0':
        ref: 'v11.0.0'
        commit: 'sha1-4391f3da665fdf50b6810c1a66712fb9ba21aa93'
        owner_id: 44036562
        repo_id: 200437066
    'actions/upload-artifact@v7.0.1':
        ref: 'v7.0.1'
        commit: 'sha1-043fb46d1a93c77aae656e7c1c64a875d1fc6a0a'
        owner_id: 44036562
        repo_id: 192625955
    'amannn/action-semantic-pull-request@v6.1.1':
        ref: 'v6.1.1'
        commit: 'sha1-48f256284bd46cdaab1048c3721360e808335d50'
        owner_id: 4038316
        repo_id: 220418983
    'anselmes/clact@v0.1.3':
        ref: 'v0.1.3'
        commit: 'sha1-09bb8227f02e6601a93a1fd122f4941d5fdb7338'
        owner_id: 37342409
        repo_id: 1083201529
        uses:
            - 'actions-rust-lang/setup-rust-toolchain@fb51252c7ba57d633bc668f941da052e410add48'
            - 'actions/attest-build-provenance@e8998f949152b193b063cb0ec769d69d929409be'
            - 'actions/setup-go@d35c59abb061a4a6fb18e82ac0862c26744d6ab5'
            - 'astral-sh/setup-uv@c771a70e6277c0a99b617c7a806ffedaca235ff9'
            - 'azure/setup-helm@b9e51907a09c216f16ebe8536097933489208112'
            - 'docker/build-push-action@263435318d21b8e681c14492fe198d362a7d2c83'
            - 'docker/login-action@74a5d142397b4f367a81961eba4e8cd7edddf772'
            - 'docker/metadata-action@902fa8ec7d6ecbf8d84d538b9b233a880e428804'
            - 'docker/setup-buildx-action@e468171a9de216ec08956ac3ada2f0791b6bd435'
            - 'docker/setup-qemu-action@29109295f81e9208d7d86ff1c6c12d2833863392'
            - 'helm/chart-testing-action@0d28d3144d3a25ea2cc349d6e59901c4ff469b3b'
            - 'helm/kind-action@a1b0e391336a6ee6713a0583f8c6240d70863de3'
            - 'sigstore/cosign-installer@6f9f17788090df1f26f669e9d70d6ae9567deba6'
            - 'swift-actions/setup-swift@364295d9c23900ce04d4e5cc708387921b4e50f9'
    'aquasecurity/setup-trivy@3fb12ec12f41e471780db15c232d5dd185dcb514':
        ref: 'v0.2.6'
        commit: 'sha1-3fb12ec12f41e471780db15c232d5dd185dcb514'
        owner_id: 12783832
        repo_id: 869952525
        uses:
            - 'actions/cache@9255dc7a253b0ccc959486e2bca901246202afeb'
            - 'actions/checkout@8e8c483db84b4bee98b60c0593521ed34d9990e8'
    'aquasecurity/trivy-action@v0.36.0':
        ref: 'v0.36.0'
        commit: 'sha1-ed142fd0673e97e23eac54620cfb913e5ce36c25'
        owner_id: 12783832
        repo_id: 268833180
        uses:
            - 'actions/cache@27d5ce7f107fe9357f9df03efb73ab90386fccae'
            - 'aquasecurity/setup-trivy@3fb12ec12f41e471780db15c232d5dd185dcb514'
    'astral-sh/setup-uv@c771a70e6277c0a99b617c7a806ffedaca235ff9':
        ref: 'v9.0.0'
        commit: 'sha1-c771a70e6277c0a99b617c7a806ffedaca235ff9'
        owner_id: 115962839
        repo_id: 846733598
    'azure/setup-helm@b9e51907a09c216f16ebe8536097933489208112':
        ref: 'v4.3.0'
        commit: 'sha1-b9e51907a09c216f16ebe8536097933489208112'
        owner_id: 6844498
        repo_id: 210310251
    'dependabot/fetch-metadata@v3.1.0':
        ref: 'v3.1.0'
        commit: 'sha1-25dd0e34f4fe68f24cc83900b1fe3fe149efef98'
        owner_id: 27347476
        repo_id: 371068214
    'docker/build-push-action@263435318d21b8e681c14492fe198d362a7d2c83':
        ref: 'v6.18.0'
        commit: 'sha1-263435318d21b8e681c14492fe198d362a7d2c83'
        owner_id: 5429470
        repo_id: 241092383
    'docker/login-action@74a5d142397b4f367a81961eba4e8cd7edddf772':
        ref: 'v3.4.0'
        commit: 'sha1-74a5d142397b4f367a81961eba4e8cd7edddf772'
        owner_id: 5429470
        repo_id: 287743349
    'docker/metadata-action@902fa8ec7d6ecbf8d84d538b9b233a880e428804':
        ref: 'v5.7.0'
        commit: 'sha1-902fa8ec7d6ecbf8d84d538b9b233a880e428804'
        owner_id: 5429470
        repo_id: 306769011
    'docker/setup-buildx-action@e468171a9de216ec08956ac3ada2f0791b6bd435':
        ref: 'v3.11.1'
        commit: 'sha1-e468171a9de216ec08956ac3ada2f0791b6bd435'
        owner_id: 5429470
        repo_id: 288485773
    'docker/setup-qemu-action@29109295f81e9208d7d86ff1c6c12d2833863392':
        ref: 'v3.6.0'
        commit: 'sha1-29109295f81e9208d7d86ff1c6c12d2833863392'
        owner_id: 5429470
        repo_id: 288487894
    'github/codeql-action@v4.37.6':
        ref: 'v4.37.6'
        commit: 'sha1-5595ccaf912efad79be6eef63a5619ff05969be3'
        owner_id: 9919
        repo_id: 259445878
    'helm/chart-testing-action@0d28d3144d3a25ea2cc349d6e59901c4ff469b3b':
        ref: 'v2.7.0'
        commit: 'sha1-0d28d3144d3a25ea2cc349d6e59901c4ff469b3b'
        owner_id: 15859888
        repo_id: 223435665
        uses:
            - 'sigstore/cosign-installer@dc72c7d5c4d10cd6bcb8cf6e3fd625a9e5e537da'
    'helm/kind-action@a1b0e391336a6ee6713a0583f8c6240d70863de3':
        ref: 'v1.12.0'
        commit: 'sha1-a1b0e391336a6ee6713a0583f8c6240d70863de3'
        owner_id: 15859888
        repo_id: 224289715
    'kentaro-m/auto-assign-action@v2.0.2':
        ref: 'v2.0.2'
        commit: 'sha1-0a2c53d3721e4c5cfcce6afd4014aecc337979f6'
        owner_id: 7448569
        repo_id: 212123834
    'ossf/scorecard-action@v2.4.4':
        ref: 'v2.4.4'
        commit: 'sha1-2d1146689b8cda280b9bc96326124645441f03bc'
        owner_id: 67707773
        repo_id: 421101922
    'sigstore/cosign-installer@6f9f17788090df1f26f669e9d70d6ae9567deba6':
        ref: 'v4.1.2'
        commit: 'sha1-6f9f17788090df1f26f669e9d70d6ae9567deba6'
        owner_id: 71096353
        repo_id: 351211695
    'sigstore/cosign-installer@dc72c7d5c4d10cd6bcb8cf6e3fd625a9e5e537da':
        ref: 'v3.7.0'
        commit: 'sha1-dc72c7d5c4d10cd6bcb8cf6e3fd625a9e5e537da'
        owner_id: 71096353
        repo_id: 351211695
    'step-security/harden-runner@v2.20.1':
        ref: 'v2.20.1'
        commit: 'sha1-b09bb98e06d4d774595224525879c09bc6e98c40'
        owner_id: 88700172
        repo_id: 422287306
    'super-linter/super-linter@v8.7.0':
        ref: 'v8.7.0'
        commit: 'sha1-4ce20838b8ab83717e78138c5b3a1407148e0918'
        owner_id: 74564708
        repo_id: 216581567
    'swatinem/rust-cache@v2':
        ref: 'v2'
        commit: 'sha1-6323deb102c322ba6fcbdcafc7e3dddab59af2b6'
        owner_id: 580492
        repo_id: 298565987
    'swift-actions/setup-swift@364295d9c23900ce04d4e5cc708387921b4e50f9':
        ref: 'v3'
        commit: 'sha1-364295d9c23900ce04d4e5cc708387921b4e50f9'
        owner_id: 95356769
        repo_id: 206653632
